
Microsoft Visual Studio Solution File, Format Version 12.00
# Visual Studio 15
VisualStudioVersion = 15.0.26403.3
MinimumVisualStudioVersion = 10.0.40219.1
Project("{FAE04EC0-301F-11D3-BF4B-00C04F79EFBC}") = "DreamIT.Invoicing", "DreamIT.Invoicing\DreamIT.Invoicing.csproj", "{5A395C2C-5838-4A4F-80C7-D5CAA5675707}"
EndProject
Project("{FAE04EC0-301F-11D3-BF4B-00C04F79EFBC}") = "DreamIT.ADO", "DreamIT.ADO\DreamIT.ADO.csproj", "{FBD4FC6D-EA9A-486F-B231-7C135F87306E}"
EndProject
Project("{FAE04EC0-301F-11D3-BF4B-00C04F79EFBC}") = "DreamIT.Service", "DreamIT.Service\DreamIT.Service.csproj", "{CFF9F167-D7DD-48FB-A994-42DEC94B6F3C}"
EndProject
Project("{FAE04EC0-301F-11D3-BF4B-00C04F79EFBC}") = "DreamIT.Model", "DreamIT.Model\DreamIT.Model.csproj", "{8D325B5A-4196-40CF-AD12-8936477937E4}"
EndProject
Global
	GlobalSection(SolutionConfigurationPlatforms) = preSolution
		Debug|Any CPU = Debug|Any CPU
		Release|Any CPU = Release|Any CPU
	EndGlobalSection
	GlobalSection(ProjectConfigurationPlatforms) = postSolution
		{5A395C2C-5838-4A4F-80C7-D5CAA5675707}.Debug|Any CPU.ActiveCfg = Debug|Any CPU
		{5A395C2C-5838-4A4F-80C7-D5CAA5675707}.Debug|Any CPU.Build.0 = Debug|Any CPU
		{5A395C2C-5838-4A4F-80C7-D5CAA5675707}.Release|Any CPU.ActiveCfg = Release|Any CPU
		{5A395C2C-5838-4A4F-80C7-D5CAA5675707}.Release|Any CPU.Build.0 = Release|Any CPU
		{FBD4FC6D-EA9A-486F-B231-7C135F87306E}.Debug|Any CPU.ActiveCfg = Debug|Any CPU
		{FBD4FC6D-EA9A-486F-B231-7C135F87306E}.Debug|Any CPU.Build.0 = Debug|Any CPU
		{FBD4FC6D-EA9A-486F-B231-7C135F87306E}.Release|Any CPU.ActiveCfg = Release|Any CPU
		{FBD4FC6D-EA9A-486F-B231-7C135F87306E}.Release|Any CPU.Build.0 = Release|Any CPU
		{CFF9F167-D7DD-48FB-A994-42DEC94B6F3C}.Debug|Any CPU.ActiveCfg = Debug|Any CPU
		{CFF9F167-D7DD-48FB-A994-42DEC94B6F3C}.Debug|Any CPU.Build.0 = Debug|Any CPU
		{CFF9F167-D7DD-48FB-A994-42DEC94B6F3C}.Release|Any CPU.ActiveCfg = Release|Any CPU
		{CFF9F167-D7DD-48FB-A994-42DEC94B6F3C}.Release|Any CPU.Build.0 = Release|Any CPU
		{8D325B5A-4196-40CF-AD12-8936477937E4}.Debug|Any CPU.ActiveCfg = Debug|Any CPU
		{8D325B5A-4196-40CF-AD12-8936477937E4}.Debug|Any CPU.Build.0 = Debug|Any CPU
		{8D325B5A-4196-40CF-AD12-8936477937E4}.Release|Any CPU.ActiveCfg = Release|Any CPU
		{8D325B5A-4196-40CF-AD12-8936477937E4}.Release|Any CPU.Build.0 = Release|Any CPU
	EndGlobalSection
	GlobalSection(SolutionProperties) = preSolution
		HideSolutionNode = FALSE
	EndGlobalSection
EndGlobal
